
Microsoft Visual Studio Solution File, Format Version 12.00
# Visual Studio Version 16
VisualStudioVersion = 16.0.30523.141
MinimumVisualStudioVersion = 10.0.40219.1
Project("{FAE04EC0-301F-11D3-BF4B-00C04F79EFBC}") = "Ludos.Engine", "Ludos.Engine\Ludos.Engine.csproj", "{B2CD1308-B586-4623-831F-1D11EB719BB5}"
EndProject
Global
	GlobalSection(SolutionConfigurationPlatforms) = preSolution
		Debug|Any CPU = Debug|Any CPU
		Release|Any CPU = Release|Any CPU
	EndGlobalSection
	GlobalSection(ProjectConfigurationPlatforms) = postSolution
		{B2CD1308-B586-4623-831F-1D11EB719BB5}.Debug|Any CPU.ActiveCfg = Debug|Any CPU
		{B2CD1308-B586-4623-831F-1D11EB719BB5}.Debug|Any CPU.Build.0 = Debug|Any CPU
		{B2CD1308-B586-4623-831F-1D11EB719BB5}.Release|Any CPU.ActiveCfg = Release|Any CPU
		{B2CD1308-B586-4623-831F-1D11EB719BB5}.Release|Any CPU.Build.0 = Release|Any CPU
	EndGlobalSection
	GlobalSection(SolutionProperties) = preSolution
		HideSolutionNode = FALSE
	EndGlobalSection
	GlobalSection(ExtensibilityGlobals) = postSolution
		SolutionGuid = {EEF754EC-A381-483A-8134-236B16521E7F}
	EndGlobalSection
EndGlobal
